
Microsoft Visual Studio Solution File, Format Version 12.00
# Visual Studio Version 17
VisualStudioVersion = 17.5.33530.505
MinimumVisualStudioVersion = 10.0.40219.1
Project("{FAE04EC0-301F-11D3-BF4B-00C04F79EFBC}") = "BuildingConferenceRoomInfo.WebAjax", "BuildingConferenceRoomInfo.WebAjax\BuildingConferenceRoomInfo.WebAjax.csproj", "{ABA52BF8-B3AF-46E3-8659-0B330A41FD9E}"
EndProject
Project("{2150E333-8FDC-42A3-9474-1A3956D46DE8}") = "Solution Items", "Solution Items", "{70107E8A-D2F5-4303-B120-E8399EFDEE1C}"
	ProjectSection(SolutionItems) = preProject
		README.md = README.md
	EndProjectSection
EndProject
Global
	GlobalSection(SolutionConfigurationPlatforms) = preSolution
		Debug|Any CPU = Debug|Any CPU
		Release|Any CPU = Release|Any CPU
	EndGlobalSection
	GlobalSection(ProjectConfigurationPlatforms) = postSolution
		{ABA52BF8-B3AF-46E3-8659-0B330A41FD9E}.Debug|Any CPU.ActiveCfg = Debug|Any CPU
		{ABA52BF8-B3AF-46E3-8659-0B330A41FD9E}.Debug|Any CPU.Build.0 = Debug|Any CPU
		{ABA52BF8-B3AF-46E3-8659-0B330A41FD9E}.Release|Any CPU.ActiveCfg = Release|Any CPU
		{ABA52BF8-B3AF-46E3-8659-0B330A41FD9E}.Release|Any CPU.Build.0 = Release|Any CPU
	EndGlobalSection
	GlobalSection(SolutionProperties) = preSolution
		HideSolutionNode = FALSE
	EndGlobalSection
	GlobalSection(ExtensibilityGlobals) = postSolution
		SolutionGuid = {82FF8E8F-88A6-4EF8-9D11-D47F4D1E0EEA}
	EndGlobalSection
EndGlobal
